
Microsoft Visual Studio Solution File, Format Version 12.00
# Visual Studio Version 16
VisualStudioVersion = 16.0.30225.117
MinimumVisualStudioVersion = 10.0.40219.1
Project("{FAE04EC0-301F-11D3-BF4B-00C04F79EFBC}") = "ConsoleApp1", "ConsoleApp1\ConsoleApp1.csproj", "{80815442-161A-4911-B873-2603E537630A}"
EndProject
Global
	GlobalSection(SolutionConfigurationPlatforms) = preSolution
		Debug|Any CPU = Debug|Any CPU
		Release|Any CPU = Release|Any CPU
	EndGlobalSection
	GlobalSection(ProjectConfigurationPlatforms) = postSolution
		{80815442-161A-4911-B873-2603E537630A}.Debug|Any CPU.ActiveCfg = Debug|Any CPU
		{80815442-161A-4911-B873-2603E537630A}.Debug|Any CPU.Build.0 = Debug|Any CPU
		{80815442-161A-4911-B873-2603E537630A}.Release|Any CPU.ActiveCfg = Release|Any CPU
		{80815442-161A-4911-B873-2603E537630A}.Release|Any CPU.Build.0 = Release|Any CPU
	EndGlobalSection
	GlobalSection(SolutionProperties) = preSolution
		HideSolutionNode = FALSE
	EndGlobalSection
	GlobalSection(ExtensibilityGlobals) = postSolution
		SolutionGuid = {0138064E-D9D2-481D-8A15-7CB3729A4465}
	EndGlobalSection
EndGlobal
